
Microsoft Visual Studio Solution File, Format Version 12.00
# Visual Studio Version 16
VisualStudioVersion = 16.0.32228.343
MinimumVisualStudioVersion = 10.0.40219.1
Project("{8BC9CEB8-8B4A-11D0-8D11-00A0C91BC942}") = "multilayer_neural_network", "multilayer_neural_network\multilayer_neural_network.vcxproj", "{15C63EF8-1595-4B37-BF24-0941E22D7BBF}"
EndProject
Global
	GlobalSection(SolutionConfigurationPlatforms) = preSolution
		Debug|x64 = Debug|x64
		Debug|x86 = Debug|x86
		Release|x64 = Release|x64
		Release|x86 = Release|x86
	EndGlobalSection
	GlobalSection(ProjectConfigurationPlatforms) = postSolution
		{15C63EF8-1595-4B37-BF24-0941E22D7BBF}.Debug|x64.ActiveCfg = Debug|x64
		{15C63EF8-1595-4B37-BF24-0941E22D7BBF}.Debug|x64.Build.0 = Debug|x64
		{15C63EF8-1595-4B37-BF24-0941E22D7BBF}.Debug|x86.ActiveCfg = Debug|Win32
		{15C63EF8-1595-4B37-BF24-0941E22D7BBF}.Debug|x86.Build.0 = Debug|Win32
		{15C63EF8-1595-4B37-BF24-0941E22D7BBF}.Release|x64.ActiveCfg = Release|x64
		{15C63EF8-1595-4B37-BF24-0941E22D7BBF}.Release|x64.Build.0 = Release|x64
		{15C63EF8-1595-4B37-BF24-0941E22D7BBF}.Release|x86.ActiveCfg = Release|Win32
		{15C63EF8-1595-4B37-BF24-0941E22D7BBF}.Release|x86.Build.0 = Release|Win32
	EndGlobalSection
	GlobalSection(SolutionProperties) = preSolution
		HideSolutionNode = FALSE
	EndGlobalSection
	GlobalSection(ExtensibilityGlobals) = postSolution
		SolutionGuid = {6A20416C-9A3C-42C4-8B36-5BCEFD086D11}
	EndGlobalSection
EndGlobal
